
Microsoft Visual Studio Solution File, Format Version 12.00
# Visual Studio Version 16
VisualStudioVersion = 16.0.31515.178
MinimumVisualStudioVersion = 10.0.40219.1
Project("{FAE04EC0-301F-11D3-BF4B-00C04F79EFBC}") = "University Orientation Website", "University Orientation Website.csproj", "{FBD62FD7-71C1-45B1-A00C-27364BC5C10F}"
EndProject
Global
	GlobalSection(SolutionConfigurationPlatforms) = preSolution
		Debug|Any CPU = Debug|Any CPU
		Release|Any CPU = Release|Any CPU
	EndGlobalSection
	GlobalSection(ProjectConfigurationPlatforms) = postSolution
		{FBD62FD7-71C1-45B1-A00C-27364BC5C10F}.Debug|Any CPU.ActiveCfg = Debug|Any CPU
		{FBD62FD7-71C1-45B1-A00C-27364BC5C10F}.Debug|Any CPU.Build.0 = Debug|Any CPU
		{FBD62FD7-71C1-45B1-A00C-27364BC5C10F}.Release|Any CPU.ActiveCfg = Release|Any CPU
		{FBD62FD7-71C1-45B1-A00C-27364BC5C10F}.Release|Any CPU.Build.0 = Release|Any CPU
	EndGlobalSection
	GlobalSection(SolutionProperties) = preSolution
		HideSolutionNode = FALSE
	EndGlobalSection
	GlobalSection(ExtensibilityGlobals) = postSolution
		SolutionGuid = {E5CED70C-9853-4536-BA02-3B11C405857D}
	EndGlobalSection
EndGlobal
